
Microsoft Visual Studio Solution File, Format Version 12.00
# Visual Studio Version 17
VisualStudioVersion = 17.6.33829.357
MinimumVisualStudioVersion = 10.0.40219.1
Project("{FAE04EC0-301F-11D3-BF4B-00C04F79EFBC}") = "CSharp_Bai9_SystemInfo", "CSharp_Bai9_SystemInfo.csproj", "{0A76CAA5-4B5D-482D-B9D0-50F2A096BA92}"
EndProject
Global
	GlobalSection(SolutionConfigurationPlatforms) = preSolution
		Debug|Any CPU = Debug|Any CPU
		Release|Any CPU = Release|Any CPU
	EndGlobalSection
	GlobalSection(ProjectConfigurationPlatforms) = postSolution
		{0A76CAA5-4B5D-482D-B9D0-50F2A096BA92}.Debug|Any CPU.ActiveCfg = Debug|Any CPU
		{0A76CAA5-4B5D-482D-B9D0-50F2A096BA92}.Debug|Any CPU.Build.0 = Debug|Any CPU
		{0A76CAA5-4B5D-482D-B9D0-50F2A096BA92}.Release|Any CPU.ActiveCfg = Release|Any CPU
		{0A76CAA5-4B5D-482D-B9D0-50F2A096BA92}.Release|Any CPU.Build.0 = Release|Any CPU
	EndGlobalSection
	GlobalSection(SolutionProperties) = preSolution
		HideSolutionNode = FALSE
	EndGlobalSection
	GlobalSection(ExtensibilityGlobals) = postSolution
		SolutionGuid = {E506B91D-007A-45DF-BFA7-CF55BC24849F}
	EndGlobalSection
EndGlobal
